// !$*UTF8*$!
{
	archiveVersion = 1;
	classes = {
	};
	objectVersion = 46;
	objects = {

/* Begin PBXBuildFile section */
		9C9378911DCED5400009198C /* main.m in Sources */ = {isa = PBXBuildFile; fileRef = 9C9378901DCED5400009198C /* main.m */; };
		9C9378941DCED5400009198C /* AppDelegate.m in Sources */ = {isa = PBXBuildFile; fileRef = 9C9378931DCED5400009198C /* AppDelegate.m */; };
		9C9378971DCED5400009198C /* ViewController.m in Sources */ = {isa = PBXBuildFile; fileRef = 9C9378961DCED5400009198C /* ViewController.m */; };
		9C93789A1DCED5400009198C /* Main.storyboard in Resources */ = {isa = PBXBuildFile; fileRef = 9C9378981DCED5400009198C /* Main.storyboard */; };
		9C93789C1DCED5400009198C /* Assets.xcassets in Resources */ = {isa = PBXBuildFile; fileRef = 9C93789B1DCED5400009198C /* Assets.xcassets */; };
		9C93789F1DCED5400009198C /* LaunchScreen.storyboard in Resources */ = {isa = PBXBuildFile; fileRef = 9C93789D1DCED5400009198C /* LaunchScreen.storyboard */; };
		9C9378AE1DCED54B0009198C /* SoAlertControl.bundle in Resources */ = {isa = PBXBuildFile; fileRef = 9C9378A71DCED54B0009198C /* SoAlertControl.bundle */; };
		9C9378AF1DCED54B0009198C /* SoAlertControl.m in Sources */ = {isa = PBXBuildFile; fileRef = 9C9378A91DCED54B0009198C /* SoAlertControl.m */; };
		9C9378B01DCED54B0009198C /* SoAlertCustomView.m in Sources */ = {isa = PBXBuildFile; fileRef = 9C9378AB1DCED54B0009198C /* SoAlertCustomView.m */; };
		9C9378B11DCED54B0009198C /* SoAlertStdView.m in Sources */ = {isa = PBXBuildFile; fileRef = 9C9378AD1DCED54B0009198C /* SoAlertStdView.m */; };
		9C9378B31DCF692D0009198C /* README.md in Sources */ = {isa = PBXBuildFile; fileRef = 9C9378B21DCF692D0009198C /* README.md */; };
/* End PBXBuildFile section */

/* Begin PBXFileReference section */
		9C93788C1DCED5400009198C /* SoAlertControlDemo.app */ = {isa = PBXFileReference; explicitFileType = wrapper.application; includeInIndex = 0; path = SoAlertControlDemo.app; sourceTree = BUILT_PRODUCTS_DIR; };
		9C9378901DCED5400009198C /* main.m */ = {isa = PBXFileReference; lastKnownFileType = sourcecode.c.objc; path = main.m; sourceTree = "<group>"; };
		9C9378921DCED5400009198C /* AppDelegate.h */ = {isa = PBXFileReference; lastKnownFileType = sourcecode.c.h; path = AppDelegate.h; sourceTree = "<group>"; };
		9C9378931DCED5400009198C /* AppDelegate.m */ = {isa = PBXFileReference; lastKnownFileType = sourcecode.c.objc; path = AppDelegate.m; sourceTree = "<group>"; };
		9C9378951DCED5400009198C /* ViewController.h */ = {isa = PBXFileReference; lastKnownFileType = sourcecode.c.h; path = ViewController.h; sourceTree = "<group>"; };
		9C9378961DCED5400009198C /* ViewController.m */ = {isa = PBXFileReference; lastKnownFileType = sourcecode.c.objc; path = ViewController.m; sourceTree = "<group>"; };
		9C9378991DCED5400009198C /* Base */ = {isa = PBXFileReference; lastKnownFileType = file.storyboard; name = Base; path = Base.lproj/Main.storyboard; sourceTree = "<group>"; };
		9C93789B1DCED5400009198C /* Assets.xcassets */ = {isa = PBXFileReference; lastKnownFileType = folder.assetcatalog; path = Assets.xcassets; sourceTree = "<group>"; };
		9C93789E1DCED5400009198C /* Base */ = {isa = PBXFileReference; lastKnownFileType = file.storyboard; name = Base; path = Base.lproj/LaunchScreen.storyboard; sourceTree = "<group>"; };
		9C9378A01DCED5400009198C /* Info.plist */ = {isa = PBXFileReference; lastKnownFileType = text.plist.xml; path = Info.plist; sourceTree = "<group>"; };
		9C9378A71DCED54B0009198C /* SoAlertControl.bundle */ = {isa = PBXFileReference; lastKnownFileType = "wrapper.plug-in"; path = SoAlertControl.bundle; sourceTree = "<group>"; };
		9C9378A81DCED54B0009198C /* SoAlertControl.h */ = {isa = PBXFileReference; fileEncoding = 4; lastKnownFileType = sourcecode.c.h; path = SoAlertControl.h; sourceTree = "<group>"; };
		9C9378A91DCED54B0009198C /* SoAlertControl.m */ = {isa = PBXFileReference; fileEncoding = 4; lastKnownFileType = sourcecode.c.objc; path = SoAlertControl.m; sourceTree = "<group>"; };
		9C9378AA1DCED54B0009198C /* SoAlertCustomView.h */ = {isa = PBXFileReference; fileEncoding = 4; lastKnownFileType = sourcecode.c.h; path = SoAlertCustomView.h; sourceTree = "<group>"; };
		9C9378AB1DCED54B0009198C /* SoAlertCustomView.m */ = {isa = PBXFileReference; fileEncoding = 4; lastKnownFileType = sourcecode.c.objc; path = SoAlertCustomView.m; sourceTree = "<group>"; };
		9C9378AC1DCED54B0009198C /* SoAlertStdView.h */ = {isa = PBXFileReference; fileEncoding = 4; lastKnownFileType = sourcecode.c.h; path = SoAlertStdView.h; sourceTree = "<group>"; };
		9C9378AD1DCED54B0009198C /* SoAlertStdView.m */ = {isa = PBXFileReference; fileEncoding = 4; lastKnownFileType = sourcecode.c.objc; path = SoAlertStdView.m; sourceTree = "<group>"; };
		9C9378B21DCF692D0009198C /* README.md */ = {isa = PBXFileReference; fileEncoding = 4; lastKnownFileType = net.daringfireball.markdown; path = README.md; sourceTree = "<group>"; };
/* End PBXFileReference section */

/* Begin PBXFrameworksBuildPhase section */
		9C9378891DCED5400009198C /* Frameworks */ = {
			isa = PBXFrameworksBuildPhase;
			buildActionMask = 2147483647;
			files = (
			);
			runOnlyForDeploymentPostprocessing = 0;
		};
/* End PBXFrameworksBuildPhase section */

/* Begin PBXGroup section */
		9C9378831DCED5400009198C = {
			isa = PBXGroup;
			children = (
				9C9378B21DCF692D0009198C /* README.md */,
				9C93788E1DCED5400009198C /* SoAlertControlDemo */,
				9C93788D1DCED5400009198C /* Products */,
			);
			sourceTree = "<group>";
		};
		9C93788D1DCED5400009198C /* Products */ = {
			isa = PBXGroup;
			children = (
				9C93788C1DCED5400009198C /* SoAlertControlDemo.app */,
			);
			name = Products;
			sourceTree = "<group>";
		};
		9C93788E1DCED5400009198C /* SoAlertControlDemo */ = {
			isa = PBXGroup;
			children = (
				9C9378A61DCED54B0009198C /* SoAlertControl */,
				9C9378921DCED5400009198C /* AppDelegate.h */,
				9C9378931DCED5400009198C /* AppDelegate.m */,
				9C9378951DCED5400009198C /* ViewController.h */,
				9C9378961DCED5400009198C /* ViewController.m */,
				9C9378981DCED5400009198C /* Main.storyboard */,
				9C93789B1DCED5400009198C /* Assets.xcassets */,
				9C93789D1DCED5400009198C /* LaunchScreen.storyboard */,
				9C9378A01DCED5400009198C /* Info.plist */,
				9C93788F1DCED5400009198C /* Supporting Files */,
			);
			path = SoAlertControlDemo;
			sourceTree = "<group>";
		};
		9C93788F1DCED5400009198C /* Supporting Files */ = {
			isa = PBXGroup;
			children = (
				9C9378901DCED5400009198C /* main.m */,
			);
			name = "Supporting Files";
			sourceTree = "<group>";
		};
		9C9378A61DCED54B0009198C /* SoAlertControl */ = {
			isa = PBXGroup;
			children = (
				9C9378A71DCED54B0009198C /* SoAlertControl.bundle */,
				9C9378A81DCED54B0009198C /* SoAlertControl.h */,
				9C9378A91DCED54B0009198C /* SoAlertControl.m */,
				9C9378AA1DCED54B0009198C /* SoAlertCustomView.h */,
				9C9378AB1DCED54B0009198C /* SoAlertCustomView.m */,
				9C9378AC1DCED54B0009198C /* SoAlertStdView.h */,
				9C9378AD1DCED54B0009198C /* SoAlertStdView.m */,
			);
			path = SoAlertControl;
			sourceTree = "<group>";
		};
/* End PBXGroup section */

/* Begin PBXNativeTarget section */
		9C93788B1DCED5400009198C /* SoAlertControlDemo */ = {
			isa = PBXNativeTarget;
			buildConfigurationList = 9C9378A31DCED5400009198C /* Build configuration list for PBXNativeTarget "SoAlertControlDemo" */;
			buildPhases = (
				9C9378881DCED5400009198C /* Sources */,
				9C9378891DCED5400009198C /* Frameworks */,
				9C93788A1DCED5400009198C /* Resources */,
			);
			buildRules = (
			);
			dependencies = (
			);
			name = SoAlertControlDemo;
			productName = SoAlertControlDemo;
			productReference = 9C93788C1DCED5400009198C /* SoAlertControlDemo.app */;
			productType = "com.apple.product-type.application";
		};
/* End PBXNativeTarget section */

/* Begin PBXProject section */
		9C9378841DCED5400009198C /* Project object */ = {
			isa = PBXProject;
			attributes = {
				LastUpgradeCheck = 0730;
				ORGANIZATIONNAME = ucsmy;
				TargetAttributes = {
					9C93788B1DCED5400009198C = {
						CreatedOnToolsVersion = 7.3;
					};
				};
			};
			buildConfigurationList = 9C9378871DCED5400009198C /* Build configuration list for PBXProject "SoAlertControlDemo" */;
			compatibilityVersion = "Xcode 3.2";
			developmentRegion = English;
			hasScannedForEncodings = 0;
			knownRegions = (
				en,
				Base,
			);
			mainGroup = 9C9378831DCED5400009198C;
			productRefGroup = 9C93788D1DCED5400009198C /* Products */;
			projectDirPath = "";
			projectRoot = "";
			targets = (
				9C93788B1DCED5400009198C /* SoAlertControlDemo */,
			);
		};
/* End PBXProject section */

/* Begin PBXResourcesBuildPhase section */
		9C93788A1DCED5400009198C /* Resources */ = {
			isa = PBXResourcesBuildPhase;
			buildActionMask = 2147483647;
			files = (
				9C9378AE1DCED54B0009198C /* SoAlertControl.bundle in Resources */,
				9C93789F1DCED5400009198C /* LaunchScreen.storyboard in Resources */,
				9C93789C1DCED5400009198C /* Assets.xcassets in Resources */,
				9C93789A1DCED5400009198C /* Main.storyboard in Resources */,
			);
			runOnlyForDeploymentPostprocessing = 0;
		};
/* End PBXResourcesBuildPhase section */

/* Begin PBXSourcesBuildPhase section */
		9C9378881DCED5400009198C /* Sources */ = {
			isa = PBXSourcesBuildPhase;
			buildActionMask = 2147483647;
			files = (
				9C9378971DCED5400009198C /* ViewController.m in Sources */,
				9C9378B11DCED54B0009198C /* SoAlertStdView.m in Sources */,
				9C9378B01DCED54B0009198C /* SoAlertCustomView.m in Sources */,
				9C9378B31DCF692D0009198C /* README.md in Sources */,
				9C9378941DCED5400009198C /* AppDelegate.m in Sources */,
				9C9378AF1DCED54B0009198C /* SoAlertControl.m in Sources */,
				9C9378911DCED5400009198C /* main.m in Sources */,
			);
			runOnlyForDeploymentPostprocessing = 0;
		};
/* End PBXSourcesBuildPhase section */

/* Begin PBXVariantGroup section */
		9C9378981DCED5400009198C /* Main.storyboard */ = {
			isa = PBXVariantGroup;
			children = (
				9C9378991DCED5400009198C /* Base */,
			);
			name = Main.storyboard;
			sourceTree = "<group>";
		};
		9C93789D1DCED5400009198C /* LaunchScreen.storyboard */ = {
			isa = PBXVariantGroup;
			children = (
				9C93789E1DCED5400009198C /* Base */,
			);
			name = LaunchScreen.storyboard;
			sourceTree = "<group>";
		};
/* End PBXVariantGroup section */

/* Begin XCBuildConfiguration section */
		9C9378A11DCED5400009198C /* Debug */ = {
			isa = XCBuildConfiguration;
			buildSettings = {
				ALWAYS_SEARCH_USER_PATHS = NO;
				CLANG_ANALYZER_NONNULL = YES;
				CLANG_CXX_LANGUAGE_STANDARD = "gnu++0x";
				CLANG_CXX_LIBRARY = "libc++";
				CLANG_ENABLE_MODULES = YES;
				CLANG_ENABLE_OBJC_ARC = YES;
				CLANG_WARN_BOOL_CONVERSION = YES;
				CLANG_WARN_CONSTANT_CONVERSION = YES;
				CLANG_WARN_DIRECT_OBJC_ISA_USAGE = YES_ERROR;
				CLANG_WARN_EMPTY_BODY = YES;
				CLANG_WARN_ENUM_CONVERSION = YES;
				CLANG_WARN_INT_CONVERSION = YES;
				CLANG_WARN_OBJC_ROOT_CLASS = YES_ERROR;
				CLANG_WARN_UNREACHABLE_CODE = YES;
				CLANG_WARN__DUPLICATE_METHOD_MATCH = YES;
				"CODE_SIGN_IDENTITY[sdk=iphoneos*]" = "iPhone Developer";
				COPY_PHASE_STRIP = NO;
				DEBUG_INFORMATION_FORMAT = dwarf;
				ENABLE_STRICT_OBJC_MSGSEND = YES;
				ENABLE_TESTABILITY = YES;
				GCC_C_LANGUAGE_STANDARD = gnu99;
				GCC_DYNAMIC_NO_PIC = NO;
				GCC_NO_COMMON_BLOCKS = YES;
				GCC_OPTIMIZATION_LEVEL = 0;
				GCC_PREPROCESSOR_DEFINITIONS = (
					"DEBUG=1",
					"$(inherited)",
				);
				GCC_WARN_64_TO_32_BIT_CONVERSION = YES;
				GCC_WARN_ABOUT_RETURN_TYPE = YES_ERROR;
				GCC_WARN_UNDECLARED_SELECTOR = YES;
				GCC_WARN_UNINITIALIZED_AUTOS = YES_AGGRESSIVE;
				GCC_WARN_UNUSED_FUNCTION = YES;
				GCC_WARN_UNUSED_VARIABLE = YES;
				IPHONEOS_DEPLOYMENT_TARGET = 9.3;
				MTL_ENABLE_DEBUG_INFO = YES;
				ONLY_ACTIVE_ARCH = YES;
				SDKROOT = iphoneos;
			};
			name = Debug;
		};
		9C9378A21DCED5400009198C /* Release */ = {
			isa = XCBuildConfiguration;
			buildSettings = {
				ALWAYS_SEARCH_USER_PATHS = NO;
				CLANG_ANALYZER_NONNULL = YES;
				CLANG_CXX_LANGUAGE_STANDARD = "gnu++0x";
				CLANG_CXX_LIBRARY = "libc++";
				CLANG_ENABLE_MODULES = YES;
				CLANG_ENABLE_OBJC_ARC = YES;
				CLANG_WARN_BOOL_CONVERSION = YES;
				CLANG_WARN_CONSTANT_CONVERSION = YES;
				CLANG_WARN_DIRECT_OBJC_ISA_USAGE = YES_ERROR;
				CLANG_WARN_EMPTY_BODY = YES;
				CLANG_WARN_ENUM_CONVERSION = YES;
				CLANG_WARN_INT_CONVERSION = YES;
				CLANG_WARN_OBJC_ROOT_CLASS = YES_ERROR;
				CLANG_WARN_UNREACHABLE_CODE = YES;
				CLANG_WARN__DUPLICATE_METHOD_MATCH = YES;
				"CODE_SIGN_IDENTITY[sdk=iphoneos*]" = "iPhone Developer";
				COPY_PHASE_STRIP = NO;
				DEBUG_INFORMATION_FORMAT = "dwarf-with-dsym";
				ENABLE_NS_ASSERTIONS = NO;
				ENABLE_STRICT_OBJC_MSGSEND = YES;
				GCC_C_LANGUAGE_STANDARD = gnu99;
				GCC_NO_COMMON_BLOCKS = YES;
				GCC_WARN_64_TO_32_BIT_CONVERSION = YES;
				GCC_WARN_ABOUT_RETURN_TYPE = YES_ERROR;
				GCC_WARN_UNDECLARED_SELECTOR = YES;
				GCC_WARN_UNINITIALIZED_AUTOS = YES_AGGRESSIVE;
				GCC_WARN_UNUSED_FUNCTION = YES;
				GCC_WARN_UNUSED_VARIABLE = YES;
				IPHONEOS_DEPLOYMENT_TARGET = 9.3;
				MTL_ENABLE_DEBUG_INFO = NO;
				SDKROOT = iphoneos;
				VALIDATE_PRODUCT = YES;
			};
			name = Release;
		};
		9C9378A41DCED5400009198C /* Debug */ = {
			isa = XCBuildConfiguration;
			buildSettings = {
				ASSETCATALOG_COMPILER_APPICON_NAME = AppIcon;
				INFOPLIST_FILE = SoAlertControlDemo/Info.plist;
				LD_RUNPATH_SEARCH_PATHS = "$(inherited) @executable_path/Frameworks";
				PRODUCT_BUNDLE_IDENTIFIER = ucsmy.SoAlertControlDemo;
				PRODUCT_NAME = "$(TARGET_NAME)";
			};
			name = Debug;
		};
		9C9378A51DCED5400009198C /* Release */ = {
			isa = XCBuildConfiguration;
			buildSettings = {
				ASSETCATALOG_COMPILER_APPICON_NAME = AppIcon;
				INFOPLIST_FILE = SoAlertControlDemo/Info.plist;
				LD_RUNPATH_SEARCH_PATHS = "$(inherited) @executable_path/Frameworks";
				PRODUCT_BUNDLE_IDENTIFIER = ucsmy.SoAlertControlDemo;
				PRODUCT_NAME = "$(TARGET_NAME)";
			};
			name = Release;
		};
/* End XCBuildConfiguration section */

/* Begin XCConfigurationList section */
		9C9378871DCED5400009198C /* Build configuration list for PBXProject "SoAlertControlDemo" */ = {
			isa = XCConfigurationList;
			buildConfigurations = (
				9C9378A11DCED5400009198C /* Debug */,
				9C9378A21DCED5400009198C /* Release */,
			);
			defaultConfigurationIsVisible = 0;
			defaultConfigurationName = Release;
		};
		9C9378A31DCED5400009198C /* Build configuration list for PBXNativeTarget "SoAlertControlDemo" */ = {
			isa = XCConfigurationList;
			buildConfigurations = (
				9C9378A41DCED5400009198C /* Debug */,
				9C9378A51DCED5400009198C /* Release */,
			);
			defaultConfigurationIsVisible = 0;
			defaultConfigurationName = Release;
		};
/* End XCConfigurationList section */
	};
	rootObject = 9C9378841DCED5400009198C /* Project object */;
}
